{
  "requires": true,
  "lockfileVersion": 1,
  "dependencies": {
    "@anna_prih/cwp_22_1_pr": {
      "version": "0.1.1",
      "resolved": "https://registry.npmjs.org/@anna_prih/cwp_22_1_pr/-/cwp_22_1_pr-0.1.1.tgz",
      "integrity": "sha512-jZGovIrrn1CNp8uoy3JK0gXZr/YsW0bHZM+zqABgyyf7eSQs9R7bFY0Jqp4ThtwvMrFC5JI/VARfrZyV7YRI3w=="
    }
  }
}
